github.com/dave/dst v0.27.3 h1:P1HPoMza3cMEquVf9kKy8yXsFirry4zEnWOdYPOoIzY=
github.com/dave/dst v0.27.3/go.mod h1:jHh6EOibnHgcUW3WjKHisiooEkYwqpHLBSX1iOBhEyc=
github.com/dave/jennifer v1.5.0 h1:HmgPN93bVDpkQyYbqhCHj5QlgvUkvEOzMyEvKLgCRrg=
github.com/dave/jennifer v1.5.0/go.mod h1:4MnyiFIlZS3l5tSDn8VnzE6ffAhYBMB2SZntBsZGUok=
github.com/go-openapi/testify/v2 v2.4.1 h1:zB34HDKj4tHwyUQHrUkpV0Q0iXQ6dUCOQtIqn8hE6Iw=
github.com/go-openapi/testify/v2 v2.4.1/go.mod h1:HCPmvFFnheKK2BuwSA0TbbdxJ3I16pjwMkYkP4Ywn54=
github.com/go-quicktest/qt v1.101.0 h1:O1K29Txy5P2OK0dGo59b7b0LR6wKfIhttaAhHUyn7eI=
github.com/go-quicktest/qt v1.101.0/go.mod h1:14Bz/f7NwaXPtdYEgzsx46kqSxVwTbzVZsDC26tQJow=
github.com/google/go-cmp v0.7.0 h1:wk8382ETsv4JYUZwIsn6YpYiWiBsYLSJiTsyBybVuN8=
github.com/google/go-cmp v0.7.0/go.mod h1:pXiqmnSA92OHEEa9HXL2W4E7lf9JzCmGVUdgjX3N/iU=
github.com/kr/pretty v0.3.1 h1:flRD4NNwYAUpkphVc1HcthR4KEIFJ65n8Mw5qdRn3LE=
github.com/kr/pretty v0.3.1/go.mod h1:hoEshYVHaxMs3cyo3Yncou5ZscifuDolrwPKZanG3xk=
github.com/kr/text v0.2.0 h1:5Nx0Ya0ZqY2ygV366QzturHI13Jq95ApcVaJBhpS+AY=
github.com/kr/text v0.2.0/go.mod h1:eLer722TekiGuMkidMxC/pM04lWEeraHUUmBw8l2grE=
github.com/rogpeppe/go-internal v1.14.1 h1:UQB4HGPB6osV0SQTLymcB4TgvyWu6ZyliaW0tI/otEQ=
github.com/rogpeppe/go-internal v1.14.1/go.mod h1:MaRKkUm5W0goXpeCfT7UZI6fk/L7L7so1lCWt35ZSgc=
github.com/sergi/go-diff v1.2.0 h1:XU+rvMAioB0UC3q1MFrIQy4Vo5/4VsRDQQXHsEya6xQ=
github.com/sergi/go-diff v1.2.0/go.mod h1:STckp+ISIX8hZLjrqAeVduY0gWCT9IjLuqbuNXdaHfM=
github.com/speedyhoon/ext v0.0.0-20260113124402-f0066d60c0b7 h1:ILQpFd+ySRQ+wfcHR+yAMPlh78prUwyQjB75znhRoS4=
github.com/speedyhoon/ext v0.0.0-20260113124402-f0066d60c0b7/go.mod h1:COTmXUAZJr03cHOBjROpI0kP0jrQFgsWdycy4LgUy6M=
github.com/speedyhoon/flag v0.0.0-20260227112925-86bbdde51b02 h1:3/eVufKxg8ARwTTAJRYykVfe9e3lSLOdjgR6bVwBj4Y=
github.com/speedyhoon/flag v0.0.0-20260227112925-86bbdde51b02/go.mod h1:w3MPfjruxBjuZ34bQshs2PPGtC1NRmzufBTctKaUQFQ=
github.com/speedyhoon/numnam v0.0.0-20260203072053-447015b4d8d5 h1:xclgmHwYXC4vuJWafF+R2FWl3ZQJUEVFKMyb82EYg+o=
github.com/speedyhoon/numnam v0.0.0-20260203072053-447015b4d8d5/go.mod h1:yStEt6i5jVB9vGyLrY8MTVIERIBL3jF6xxqCGKjnHaE=
github.com/speedyhoon/rando v0.0.0-20260324092358-d3a30fdead04 h1:z+SifBObeU7ledawyKJrjKt/j0wRg9FGRdbh35wtwCY=
github.com/speedyhoon/rando v0.0.0-20260324092358-d3a30fdead04/go.mod h1:udzBP9EiIcoE0vahtT0jBz7I70ugtyAHb8Rx2j8L8Dw=
github.com/speedyhoon/rando/types v0.0.0-20260324092358-d3a30fdead04 h1:cKW3Q6kkrl3xZ9VpvcmvP0lHZIsLuyL4XMAoh77pvDo=
github.com/speedyhoon/rando/types v0.0.0-20260324092358-d3a30fdead04/go.mod h1:j3PBhoBPqx9VM9XdHuWrcjUubJhMIKr9C3wNYNg4p4I=
github.com/speedyhoon/tf v0.0.0-20260127062719-bb065761d36c h1:C1ANfzvIiyOwuEvgBDQiIzrSNPeDI3tnfOybHDq0OIU=
github.com/speedyhoon/tf v0.0.0-20260127062719-bb065761d36c/go.mod h1:wrGpO97sV6KDUddMkc1R5YiHyPs6Y/EvletjpkO2/XU=
github.com/speedyhoon/utl v0.0.0-20260315024855-0c863838fe45 h1:mHI2co2GnwTNWj+4AoRWLQj8mZLA3cmrx3OWcTIoKvo=
github.com/speedyhoon/utl v0.0.0-20260315024855-0c863838fe45/go.mod h1:THtIIZlDsTeD2U5JCkGHF/Iay+KSzTEghoLq3X0p8b4=
golang.org/x/mod v0.33.0 h1:tHFzIWbBifEmbwtGz65eaWyGiGZatSrT9prnU8DbVL8=
golang.org/x/mod v0.33.0/go.mod h1:swjeQEj+6r7fODbD2cqrnje9PnziFuw4bmLbBZFrQ5w=
golang.org/x/sync v0.19.0 h1:vV+1eWNmZ5geRlYjzm2adRgW2/mcpevXNg50YZtPCE4=
golang.org/x/sync v0.19.0/go.mod h1:9KTHXmSnoGruLpwFjVSX0lNNA75CykiMECbovNTZqGI=
golang.org/x/tools v0.42.0 h1:uNgphsn75Tdz5Ji2q36v/nsFSfR/9BRFvqhGBaJGd5k=
golang.org/x/tools v0.42.0/go.mod h1:Ma6lCIwGZvHK6XtgbswSoWroEkhugApmsXyrUmBhfr0=
mvdan.cc/gofumpt v0.8.0 h1:nZUCeC2ViFaerTcYKstMmfysj6uhQrA2vJe+2vwGU6k=
mvdan.cc/gofumpt v0.8.0/go.mod h1:vEYnSzyGPmjvFkqJWtXkh79UwPWP9/HMxQdGEXZHjpg=
