github.com/davecgh/go-spew v1.1.1 h1:vj9j/u1bqnvCEfJOwUhtlOARqs3+rkHYY13jYWTU97c=
github.com/davecgh/go-spew v1.1.1/go.mod h1:J7Y8YcW2NihsgmVo/mv3lAwl/skON4iLHjSsI+c5H38=
github.com/pmezard/go-difflib v1.0.0 h1:4DBwDE0NGyQoBHbLQYPwSUPoCMWR5BEzIk/f1lZbAQM=
github.com/pmezard/go-difflib v1.0.0/go.mod h1:iKH77koFhYxTK1pcRnkKkqfTogsbg7gZNVY4sRDYZ/4=
github.com/speedyhoon/clr v0.0.0-20250627064222-cbe678c2ff2d h1:bcj0RFtermUnFkeT8lDQlUOBzvGFEtcZi3jlhHJazmA=
github.com/speedyhoon/clr v0.0.0-20250627064222-cbe678c2ff2d/go.mod h1:1wlW+8TZSa0CWlU+ijxjoFsM6IrD56vf011mgeLR8D8=
github.com/speedyhoon/cnst/clrn v0.0.0-20250502153641-20575b9123ba h1:4x0uFlqjywG8IvCfR1dRah4fxLfVLdf2wAG0UcujOcQ=
github.com/speedyhoon/cnst/clrn v0.0.0-20250502153641-20575b9123ba/go.mod h1:gsJNF+/77GZ+QOyuKoUtRTpGoA/cMB4tpCR/s/VR/Gk=
github.com/speedyhoon/rando v0.0.0-20250722122828-f3cb46f85d58 h1:AqB6cg/KMr50vfQNfHDpjQ35x5ANYIM2FCYDUQNaG+0=
github.com/speedyhoon/rando v0.0.0-20250722122828-f3cb46f85d58/go.mod h1:08f0nzUshAoeAVIWBwJHn94morBmbNdZ6y5O9DutetM=
github.com/speedyhoon/utl/tf v0.0.0-20250416234816-20f7a523763c h1:lsnAoa9LIzDP3LGEjrTo0bvY8LDhG1unZrYB5nKTZxs=
github.com/speedyhoon/utl/tf v0.0.0-20250416234816-20f7a523763c/go.mod h1:F7pya3IfvPjg9EMkJ/YNS8pr1bCGzkCqzLb6Jw+6aJ4=
github.com/stretchr/testify v1.10.0 h1:Xv5erBjTwe/5IxqUQTdXv5kgmIvbHo3QQyRwhJsOfJA=
github.com/stretchr/testify v1.10.0/go.mod h1:r2ic/lqez/lEtzL7wO/rwa5dbSLXVDPFyf8C91i36aY=
gopkg.in/check.v1 v0.0.0-20161208181325-20d25e280405 h1:yhCVgyC4o1eVCa2tZl7eS0r+SDo693bJlVdllGtEeKM=
gopkg.in/check.v1 v0.0.0-20161208181325-20d25e280405/go.mod h1:Co6ibVJAznAaIkqp8huTwlJQCZ016jof/cbN4VW5Yz0=
gopkg.in/yaml.v3 v3.0.1 h1:fxVm/GzAzEWqLHuvctI91KS9hhNmmWOoWu0XTYJS7CA=
gopkg.in/yaml.v3 v3.0.1/go.mod h1:K4uyk7z7BCEPqu6E+C64Yfv1cQ7kz7rIZviUmN+EgEM=
