github.com/davecgh/go-spew v1.1.1 h1:vj9j/u1bqnvCEfJOwUhtlOARqs3+rkHYY13jYWTU97c=
github.com/davecgh/go-spew v1.1.1/go.mod h1:J7Y8YcW2NihsgmVo/mv3lAwl/skON4iLHjSsI+c5H38=
github.com/frankban/quicktest v1.14.6 h1:7Xjx+VpznH+oBnejlPUj8oUpdxnVs4f8XU8WnHkI4W8=
github.com/frankban/quicktest v1.14.6/go.mod h1:4ptaffx2x8+WTWXmUCuVU6aPUX1/Mz7zb5vbUoiM6w0=
github.com/google/go-cmp v0.6.0 h1:ofyhxvXcZhMsU5ulbFiLKl/XBFqE1GSq7atu8tAmTRI=
github.com/google/go-cmp v0.6.0/go.mod h1:17dUlkBOakJ0+DkrSSNjCkIjxS6bF9zb3elmeNGIjoY=
github.com/kr/pretty v0.3.1 h1:flRD4NNwYAUpkphVc1HcthR4KEIFJ65n8Mw5qdRn3LE=
github.com/kr/pretty v0.3.1/go.mod h1:hoEshYVHaxMs3cyo3Yncou5ZscifuDolrwPKZanG3xk=
github.com/kr/text v0.2.0 h1:5Nx0Ya0ZqY2ygV366QzturHI13Jq95ApcVaJBhpS+AY=
github.com/kr/text v0.2.0/go.mod h1:eLer722TekiGuMkidMxC/pM04lWEeraHUUmBw8l2grE=
github.com/pmezard/go-difflib v1.0.0 h1:4DBwDE0NGyQoBHbLQYPwSUPoCMWR5BEzIk/f1lZbAQM=
github.com/pmezard/go-difflib v1.0.0/go.mod h1:iKH77koFhYxTK1pcRnkKkqfTogsbg7gZNVY4sRDYZ/4=
github.com/rogpeppe/go-internal v1.12.0 h1:exVL4IDcn6na9z1rAb56Vxr+CgyK3nn3O+epU5NdKM8=
github.com/rogpeppe/go-internal v1.12.0/go.mod h1:E+RYuTGaKKdloAfM02xzb0FW3Paa99yedzYV+kq4uf4=
github.com/speedyhoon/jay v0.0.0-20240414131002-cb91738621c8 h1:ohruviU6qwjxlbtr3Y4k7gjxgOeBMCExJSwSOsf/idc=
github.com/speedyhoon/jay v0.0.0-20240414131002-cb91738621c8/go.mod h1:DvsmOjvzwD1lghyu0nk1yXEx16NgcxjrqD/Q3GY1Ojk=
github.com/speedyhoon/numnam v0.0.0-20240329054832-e00509f06bd0 h1:Wf/5ifooRefTK/EyowwKd21UySaXzWa36tWJHA9bit0=
github.com/speedyhoon/numnam v0.0.0-20240329054832-e00509f06bd0/go.mod h1:yStEt6i5jVB9vGyLrY8MTVIERIBL3jF6xxqCGKjnHaE=
github.com/speedyhoon/rando v0.0.0-20240412062651-bbe7d2a35303 h1:RcHnrwc+QZOpx+VJH3tAIsNlid1seG0jXd+0OuzVbEE=
github.com/speedyhoon/rando v0.0.0-20240412062651-bbe7d2a35303/go.mod h1:HS4kVHAohgYIPBcPH3gfXXHQPfW4CSBgykeOFFmEO0w=
github.com/speedyhoon/rando/types v0.0.0-20240412062651-bbe7d2a35303 h1:hZCLAjABBNQEN3oROqzxpCmwaI72Qb8/c9vuLhLXVEY=
github.com/speedyhoon/rando/types v0.0.0-20240412062651-bbe7d2a35303/go.mod h1:TbQ9jh/HdSeS6jDq1oTEjloiqVuB8A7iMi2UAkdueoM=
github.com/speedyhoon/utl v0.0.0-20240404234419-3a81ac44337a h1:sy+iMzqrvLqVP2a+G8bqKHlFYGRVS/y9ITyKF1ObPuM=
github.com/speedyhoon/utl v0.0.0-20240404234419-3a81ac44337a/go.mod h1:6AyyjyiwyhP3HOixV4Omfe/3LDvowOWo8ivd8Wh2AUw=
github.com/speedyhoon/utl/flagvar v0.0.0-20240404234419-3a81ac44337a h1:qbYI357Q2GY4GFbGNbx28A/yMxoDwAWIKIVCg+A5ivo=
github.com/speedyhoon/utl/flagvar v0.0.0-20240404234419-3a81ac44337a/go.mod h1:0hr9o8sgiD7rub1GU0nM4whOLGfN8s8yO7uzTowBxsk=
github.com/speedyhoon/utl/tf v0.0.0-20240404231947-dae8e873139b h1:k/Md4uz7cxTZCaZ8SkjVUKwEOg1/No59YgM4YG95Fag=
github.com/speedyhoon/utl/tf v0.0.0-20240404231947-dae8e873139b/go.mod h1:F7pya3IfvPjg9EMkJ/YNS8pr1bCGzkCqzLb6Jw+6aJ4=
github.com/stretchr/testify v1.8.4 h1:CcVxjf3Q8PM0mHUKJCdn+eZZtm5yQwehR5yeSVQQcUk=
github.com/stretchr/testify v1.8.4/go.mod h1:sz/lmYIOXD/1dqDmKjjqLyZ2RngseejIcXlSw2iwfAo=
golang.org/x/mod v0.17.0 h1:zY54UmvipHiNd+pm+m0x9KhZ9hl1/7QNMyxXbc6ICqA=
golang.org/x/mod v0.17.0/go.mod h1:hTbmBsO62+eylJbnUtE2MGJUyE7QWk4xUqPFrRgJ+7c=
golang.org/x/tools v0.20.0 h1:hz/CVckiOxybQvFw6h7b/q80NTr9IUQb4s1IIzW7KNY=
golang.org/x/tools v0.20.0/go.mod h1:WvitBU7JJf6A4jOdg4S1tviW9bhUxkgeCui/0JHctQg=
gopkg.in/check.v1 v0.0.0-20161208181325-20d25e280405 h1:yhCVgyC4o1eVCa2tZl7eS0r+SDo693bJlVdllGtEeKM=
gopkg.in/check.v1 v0.0.0-20161208181325-20d25e280405/go.mod h1:Co6ibVJAznAaIkqp8huTwlJQCZ016jof/cbN4VW5Yz0=
gopkg.in/yaml.v3 v3.0.1 h1:fxVm/GzAzEWqLHuvctI91KS9hhNmmWOoWu0XTYJS7CA=
gopkg.in/yaml.v3 v3.0.1/go.mod h1:K4uyk7z7BCEPqu6E+C64Yfv1cQ7kz7rIZviUmN+EgEM=
mvdan.cc/gofumpt v0.6.0 h1:G3QvahNDmpD+Aek/bNOLrFR2XC6ZAdo62dZu65gmwGo=
mvdan.cc/gofumpt v0.6.0/go.mod h1:4L0wf+kgIPZtcCWXynNS2e6bhmj73umwnuXSZarixzA=
