github.com/davecgh/go-spew v1.1.1 h1:vj9j/u1bqnvCEfJOwUhtlOARqs3+rkHYY13jYWTU97c=
github.com/davecgh/go-spew v1.1.1/go.mod h1:J7Y8YcW2NihsgmVo/mv3lAwl/skON4iLHjSsI+c5H38=
github.com/frankban/quicktest v1.14.6 h1:7Xjx+VpznH+oBnejlPUj8oUpdxnVs4f8XU8WnHkI4W8=
github.com/frankban/quicktest v1.14.6/go.mod h1:4ptaffx2x8+WTWXmUCuVU6aPUX1/Mz7zb5vbUoiM6w0=
github.com/google/go-cmp v0.6.0 h1:ofyhxvXcZhMsU5ulbFiLKl/XBFqE1GSq7atu8tAmTRI=
github.com/google/go-cmp v0.6.0/go.mod h1:17dUlkBOakJ0+DkrSSNjCkIjxS6bF9zb3elmeNGIjoY=
github.com/kr/pretty v0.3.1 h1:flRD4NNwYAUpkphVc1HcthR4KEIFJ65n8Mw5qdRn3LE=
github.com/kr/pretty v0.3.1/go.mod h1:hoEshYVHaxMs3cyo3Yncou5ZscifuDolrwPKZanG3xk=
github.com/kr/text v0.2.0 h1:5Nx0Ya0ZqY2ygV366QzturHI13Jq95ApcVaJBhpS+AY=
github.com/kr/text v0.2.0/go.mod h1:eLer722TekiGuMkidMxC/pM04lWEeraHUUmBw8l2grE=
github.com/pmezard/go-difflib v1.0.0 h1:4DBwDE0NGyQoBHbLQYPwSUPoCMWR5BEzIk/f1lZbAQM=
github.com/pmezard/go-difflib v1.0.0/go.mod h1:iKH77koFhYxTK1pcRnkKkqfTogsbg7gZNVY4sRDYZ/4=
github.com/rogpeppe/go-internal v1.12.0 h1:exVL4IDcn6na9z1rAb56Vxr+CgyK3nn3O+epU5NdKM8=
github.com/rogpeppe/go-internal v1.12.0/go.mod h1:E+RYuTGaKKdloAfM02xzb0FW3Paa99yedzYV+kq4uf4=
github.com/speedyhoon/jay v0.0.0-20241104120304-dca148186730 h1:8eUIvymE296B2fdHq3eoV1B7wFyj51IpEx4eOdX0vmE=
github.com/speedyhoon/jay v0.0.0-20241104120304-dca148186730/go.mod h1:DvsmOjvzwD1lghyu0nk1yXEx16NgcxjrqD/Q3GY1Ojk=
github.com/speedyhoon/numnam v0.0.0-20240915065904-57c3bf414377 h1:w/6+09RKk9VQhhSIy3B/Pvv4Atw3FpXNaWTYtDOLzUw=
github.com/speedyhoon/numnam v0.0.0-20240915065904-57c3bf414377/go.mod h1:yStEt6i5jVB9vGyLrY8MTVIERIBL3jF6xxqCGKjnHaE=
github.com/speedyhoon/rando v0.0.0-20240727071055-70332f55d0f7 h1:hAndziNty8DYgeueaKdwPfLuADfuAVm924SRTEPi5CU=
github.com/speedyhoon/rando v0.0.0-20240727071055-70332f55d0f7/go.mod h1:HS4kVHAohgYIPBcPH3gfXXHQPfW4CSBgykeOFFmEO0w=
github.com/speedyhoon/rando/types v0.0.0-20240727071055-70332f55d0f7 h1:CV46k9/Siw8Lis4E5GIDEbCPF3+Ji8II4zm4BYElqPQ=
github.com/speedyhoon/rando/types v0.0.0-20240727071055-70332f55d0f7/go.mod h1:8xAoTF9FUVXZkpa+/oVsFYCAijz5Ffs405JVUQ132VY=
github.com/speedyhoon/utl v0.0.0-20241130025530-32e046ad4edf h1:vQNpWqPWCyaa5EHcNaEJbaVHCjqyRh45bbnM80Ze/o8=
github.com/speedyhoon/utl v0.0.0-20241130025530-32e046ad4edf/go.mod h1:RWVaO7s3mq/sV1cx/nTu9e/JeOgnktbcqGfzj+VcJ1s=
github.com/speedyhoon/utl/flagvar v0.0.0-20241130025530-32e046ad4edf h1:8lOV0OAEJysRnrNY8M0K5PWqjypa4iDdRqM0zCsUjc4=
github.com/speedyhoon/utl/flagvar v0.0.0-20241130025530-32e046ad4edf/go.mod h1:0hr9o8sgiD7rub1GU0nM4whOLGfN8s8yO7uzTowBxsk=
github.com/speedyhoon/utl/tf v0.0.0-20240404234419-3a81ac44337a h1:G06deqBWeA92aDyPpUxwvYAN3R+q+fdXll4ChKdddB0=
github.com/speedyhoon/utl/tf v0.0.0-20240404234419-3a81ac44337a/go.mod h1:F7pya3IfvPjg9EMkJ/YNS8pr1bCGzkCqzLb6Jw+6aJ4=
github.com/stretchr/testify v1.10.0 h1:Xv5erBjTwe/5IxqUQTdXv5kgmIvbHo3QQyRwhJsOfJA=
github.com/stretchr/testify v1.10.0/go.mod h1:r2ic/lqez/lEtzL7wO/rwa5dbSLXVDPFyf8C91i36aY=
golang.org/x/mod v0.18.0 h1:5+9lSbEzPSdWkH32vYPBwEpX8KwDbM52Ud9xBUvNlb0=
golang.org/x/mod v0.18.0/go.mod h1:hTbmBsO62+eylJbnUtE2MGJUyE7QWk4xUqPFrRgJ+7c=
golang.org/x/tools v0.22.0 h1:gqSGLZqv+AI9lIQzniJ0nZDRG5GBPsSi+DRNHWNz6yA=
golang.org/x/tools v0.22.0/go.mod h1:aCwcsjqvq7Yqt6TNyX7QMU2enbQ/Gt0bo6krSeEri+c=
gopkg.in/check.v1 v0.0.0-20161208181325-20d25e280405 h1:yhCVgyC4o1eVCa2tZl7eS0r+SDo693bJlVdllGtEeKM=
gopkg.in/check.v1 v0.0.0-20161208181325-20d25e280405/go.mod h1:Co6ibVJAznAaIkqp8huTwlJQCZ016jof/cbN4VW5Yz0=
gopkg.in/yaml.v3 v3.0.1 h1:fxVm/GzAzEWqLHuvctI91KS9hhNmmWOoWu0XTYJS7CA=
gopkg.in/yaml.v3 v3.0.1/go.mod h1:K4uyk7z7BCEPqu6E+C64Yfv1cQ7kz7rIZviUmN+EgEM=
mvdan.cc/gofumpt v0.6.0 h1:G3QvahNDmpD+Aek/bNOLrFR2XC6ZAdo62dZu65gmwGo=
mvdan.cc/gofumpt v0.6.0/go.mod h1:4L0wf+kgIPZtcCWXynNS2e6bhmj73umwnuXSZarixzA=
